
Microsoft Visual Studio Solution File, Format Version 12.00
# Visual Studio Version 17
VisualStudioVersion = 17.7.34202.233
MinimumVisualStudioVersion = 10.0.40219.1
Project("{9A19103F-16F7-4668-BE54-9A1E7A4F7556}") = "Dor.Challenge.Fernando.Api", "Dor.Challenge.Fernando.Api\Dor.Challenge.Fernando.Api.csproj", "{9E0D5837-D8DF-49FF-A68B-2990E4846FBD}"
EndProject
Project("{9A19103F-16F7-4668-BE54-9A1E7A4F7556}") = "Dor.Challenge.Fernando.Infra", "Dor.Challenge.Fernando.Infra\Dor.Challenge.Fernando.Infra.csproj", "{45CB6B7D-E3D8-46E0-AC17-4F961BDEDF97}"
EndProject
Project("{9A19103F-16F7-4668-BE54-9A1E7A4F7556}") = "Dor.Challenge.Fernando.Domain", "Dor.Challenge.Fernando.Domain\Dor.Challenge.Fernando.Domain.csproj", "{9185C2FC-3476-44DF-AAB9-0D06E2AA28FB}"
EndProject
Project("{9A19103F-16F7-4668-BE54-9A1E7A4F7556}") = "Dor.Challenge.Fernando.App", "Dor.Challenge.Fernando.App\Dor.Challenge.Fernando.App.csproj", "{FA4241B2-2107-4E1E-AFC6-E568B5239472}"
EndProject
Project("{FAE04EC0-301F-11D3-BF4B-00C04F79EFBC}") = "Dor.Challenge.Fernando.Test", "Dor.Challenge.Fernando.Test\Dor.Challenge.Fernando.Test.csproj", "{0062B6FF-04D4-4BE9-A75A-4FB67B84C555}"
EndProject
Global
	GlobalSection(SolutionConfigurationPlatforms) = preSolution
		Debug|Any CPU = Debug|Any CPU
		Release|Any CPU = Release|Any CPU
	EndGlobalSection
	GlobalSection(ProjectConfigurationPlatforms) = postSolution
		{9E0D5837-D8DF-49FF-A68B-2990E4846FBD}.Debug|Any CPU.ActiveCfg = Debug|Any CPU
		{9E0D5837-D8DF-49FF-A68B-2990E4846FBD}.Debug|Any CPU.Build.0 = Debug|Any CPU
		{9E0D5837-D8DF-49FF-A68B-2990E4846FBD}.Release|Any CPU.ActiveCfg = Release|Any CPU
		{9E0D5837-D8DF-49FF-A68B-2990E4846FBD}.Release|Any CPU.Build.0 = Release|Any CPU
		{45CB6B7D-E3D8-46E0-AC17-4F961BDEDF97}.Debug|Any CPU.ActiveCfg = Debug|Any CPU
		{45CB6B7D-E3D8-46E0-AC17-4F961BDEDF97}.Debug|Any CPU.Build.0 = Debug|Any CPU
		{45CB6B7D-E3D8-46E0-AC17-4F961BDEDF97}.Release|Any CPU.ActiveCfg = Release|Any CPU
		{45CB6B7D-E3D8-46E0-AC17-4F961BDEDF97}.Release|Any CPU.Build.0 = Release|Any CPU
		{9185C2FC-3476-44DF-AAB9-0D06E2AA28FB}.Debug|Any CPU.ActiveCfg = Debug|Any CPU
		{9185C2FC-3476-44DF-AAB9-0D06E2AA28FB}.Debug|Any CPU.Build.0 = Debug|Any CPU
		{9185C2FC-3476-44DF-AAB9-0D06E2AA28FB}.Release|Any CPU.ActiveCfg = Release|Any CPU
		{9185C2FC-3476-44DF-AAB9-0D06E2AA28FB}.Release|Any CPU.Build.0 = Release|Any CPU
		{FA4241B2-2107-4E1E-AFC6-E568B5239472}.Debug|Any CPU.ActiveCfg = Debug|Any CPU
		{FA4241B2-2107-4E1E-AFC6-E568B5239472}.Debug|Any CPU.Build.0 = Debug|Any CPU
		{FA4241B2-2107-4E1E-AFC6-E568B5239472}.Release|Any CPU.ActiveCfg = Release|Any CPU
		{FA4241B2-2107-4E1E-AFC6-E568B5239472}.Release|Any CPU.Build.0 = Release|Any CPU
		{0062B6FF-04D4-4BE9-A75A-4FB67B84C555}.Debug|Any CPU.ActiveCfg = Debug|Any CPU
		{0062B6FF-04D4-4BE9-A75A-4FB67B84C555}.Debug|Any CPU.Build.0 = Debug|Any CPU
		{0062B6FF-04D4-4BE9-A75A-4FB67B84C555}.Release|Any CPU.ActiveCfg = Release|Any CPU
		{0062B6FF-04D4-4BE9-A75A-4FB67B84C555}.Release|Any CPU.Build.0 = Release|Any CPU
	EndGlobalSection
	GlobalSection(SolutionProperties) = preSolution
		HideSolutionNode = FALSE
	EndGlobalSection
	GlobalSection(ExtensibilityGlobals) = postSolution
		SolutionGuid = {770B72A1-D477-4114-88CC-B352709BEFF6}
	EndGlobalSection
EndGlobal
